
Microsoft Visual Studio Solution File, Format Version 12.00
# Visual Studio Version 17
VisualStudioVersion = 17.5.33502.453
MinimumVisualStudioVersion = 10.0.40219.1
Project("{FAE04EC0-301F-11D3-BF4B-00C04F79EFBC}") = "SpeechSynthesis", "SpeechSynthesis.csproj", "{C37E0D0A-FFF9-4522-B247-6FAA277791CE}"
EndProject
Project("{54435603-DBB4-11D2-8724-00A0C9A8B90C}") = "STapi", "..\STapi\STapi.vdproj", "{834D4B8A-3388-47AB-987C-5EBAC1F41B2B}"
EndProject
Global
	GlobalSection(SolutionConfigurationPlatforms) = preSolution
		Debug|Any CPU = Debug|Any CPU
		Release|Any CPU = Release|Any CPU
	EndGlobalSection
	GlobalSection(ProjectConfigurationPlatforms) = postSolution
		{C37E0D0A-FFF9-4522-B247-6FAA277791CE}.Debug|Any CPU.ActiveCfg = Debug|Any CPU
		{C37E0D0A-FFF9-4522-B247-6FAA277791CE}.Debug|Any CPU.Build.0 = Debug|Any CPU
		{C37E0D0A-FFF9-4522-B247-6FAA277791CE}.Release|Any CPU.ActiveCfg = Release|Any CPU
		{C37E0D0A-FFF9-4522-B247-6FAA277791CE}.Release|Any CPU.Build.0 = Release|Any CPU
		{834D4B8A-3388-47AB-987C-5EBAC1F41B2B}.Debug|Any CPU.ActiveCfg = Debug
		{834D4B8A-3388-47AB-987C-5EBAC1F41B2B}.Release|Any CPU.ActiveCfg = Release
	EndGlobalSection
	GlobalSection(SolutionProperties) = preSolution
		HideSolutionNode = FALSE
	EndGlobalSection
	GlobalSection(ExtensibilityGlobals) = postSolution
		SolutionGuid = {0C3F0959-B6F5-4A1C-B0CE-C6801C84E3D2}
	EndGlobalSection
EndGlobal
